
Microsoft Visual Studio Solution File, Format Version 12.00
# Visual Studio Version 17
VisualStudioVersion = 17.9.34723.18
MinimumVisualStudioVersion = 10.0.40219.1
Project("{FAE04EC0-301F-11D3-BF4B-00C04F79EFBC}") = "ApiWindowsFormApp", "ApiWindowsFormApp\ApiWindowsFormApp.csproj", "{DE535FBA-5D72-4991-A7E4-A824E86CB470}"
EndProject
Global
	GlobalSection(SolutionConfigurationPlatforms) = preSolution
		Debug|Any CPU = Debug|Any CPU
		Release|Any CPU = Release|Any CPU
	EndGlobalSection
	GlobalSection(ProjectConfigurationPlatforms) = postSolution
		{DE535FBA-5D72-4991-A7E4-A824E86CB470}.Debug|Any CPU.ActiveCfg = Debug|Any CPU
		{DE535FBA-5D72-4991-A7E4-A824E86CB470}.Debug|Any CPU.Build.0 = Debug|Any CPU
		{DE535FBA-5D72-4991-A7E4-A824E86CB470}.Release|Any CPU.ActiveCfg = Release|Any CPU
		{DE535FBA-5D72-4991-A7E4-A824E86CB470}.Release|Any CPU.Build.0 = Release|Any CPU
	EndGlobalSection
	GlobalSection(SolutionProperties) = preSolution
		HideSolutionNode = FALSE
	EndGlobalSection
	GlobalSection(ExtensibilityGlobals) = postSolution
		SolutionGuid = {456DEF3F-2C7A-40FF-BD39-0053B50F7AA8}
	EndGlobalSection
EndGlobal
